{
  "name": "kougeki",
  "lockfileVersion": 2,
  "requires": true,
  "packages": {
    "": {
      "dependencies": {
        "mineflayer-movement": "^0.4.2",
        "mineflayer-pathfinder-lite": "^1.0.1"
      }
    },
    "node_modules/mineflayer-movement": {
      "version": "0.4.2",
      "resolved": "https://registry.npmjs.org/mineflayer-movement/-/mineflayer-movement-0.4.2.tgz",
      "integrity": "sha512-DxbOQrh91cFsRodWwLympZLq4Ctq2XDQ73NO+IJFlMRlgex+6FTPjGxEzN7zDQkOWQLZagtZ9rS2iHeY04F5Ng==",
      "dependencies": {
        "vec3": "^0.1.7"
      }
    },
    "node_modules/mineflayer-pathfinder-lite": {
      "version": "1.0.1",
      "resolved": "https://registry.npmjs.org/mineflayer-pathfinder-lite/-/mineflayer-pathfinder-lite-1.0.1.tgz",
      "integrity": "sha512-EJwyewzI5V4QXi8hMZxMNHRr7X6aKTJZmihbuuTnj9y/U/x/UbGAUDDyEg+bc00NyAsKqcxciw/LAVItzP3YEw==",
      "dependencies": {
        "vec3": "^0.1.8"
      }
    },
    "node_modules/vec3": {
      "version": "0.1.8",
      "resolved": "https://registry.npmjs.org/vec3/-/vec3-0.1.8.tgz",
      "integrity": "sha512-LfKrP625Bsg/Tj52YdYPsHmpsJuo+tc6fLxZxXjEo9k2xSspKlPvoYTHehykKhp1FvV9nm+XU3Ehej5/9tpDCg=="
    }
  },
  "dependencies": {
    "mineflayer-movement": {
      "version": "0.4.2",
      "resolved": "https://registry.npmjs.org/mineflayer-movement/-/mineflayer-movement-0.4.2.tgz",
      "integrity": "sha512-DxbOQrh91cFsRodWwLympZLq4Ctq2XDQ73NO+IJFlMRlgex+6FTPjGxEzN7zDQkOWQLZagtZ9rS2iHeY04F5Ng==",
      "requires": {
        "vec3": "^0.1.7"
      }
    },
    "mineflayer-pathfinder-lite": {
      "version": "1.0.1",
      "resolved": "https://registry.npmjs.org/mineflayer-pathfinder-lite/-/mineflayer-pathfinder-lite-1.0.1.tgz",
      "integrity": "sha512-EJwyewzI5V4QXi8hMZxMNHRr7X6aKTJZmihbuuTnj9y/U/x/UbGAUDDyEg+bc00NyAsKqcxciw/LAVItzP3YEw==",
      "requires": {
        "vec3": "^0.1.8"
      }
    },
    "vec3": {
      "version": "0.1.8",
      "resolved": "https://registry.npmjs.org/vec3/-/vec3-0.1.8.tgz",
      "integrity": "sha512-LfKrP625Bsg/Tj52YdYPsHmpsJuo+tc6fLxZxXjEo9k2xSspKlPvoYTHehykKhp1FvV9nm+XU3Ehej5/9tpDCg=="
    }
  }
}
